lockfileVersion: '6.0'

settings:
  autoInstallPeers: true
  excludeLinksFromLockfile: false

dependencies:
  diffhtml:
    specifier: 1.0.0-beta.20
    version: 1.0.0-beta.20

devDependencies:
  '@dashkite/genie':
    specifier: link:../genie
    version: link:../genie
  '@dashkite/genie-clean':
    specifier: link:../genie-clean
    version: link:../genie-clean
  '@dashkite/genie-coffee':
    specifier: link:../genie-coffee
    version: link:../genie-coffee
  '@dashkite/genie-module':
    specifier: link:../genie-module
    version: link:../genie-module
  '@dashkite/genie-release':
    specifier: link:../genie-release
    version: link:../genie-release

packages:

  /diffhtml@1.0.0-beta.20:
    resolution: {integrity: sha512-xSSwGb2dkQsTc7Bl910iySH65PkzsCtowfVGMfrmc2fEwvYrhJUpIEIx+3mpZ1wMWVt+t/0ltVwrjQkMJotxLg==}
    dev: false
