lockfileVersion: '6.0'

settings:
  autoInstallPeers: true
  excludeLinksFromLockfile: false

dependencies:
  diffhtml:
    specifier: 1.0.0-beta.20
    version: 1.0.0-beta.20

devDependencies:
  '@dashkite/genie':
    specifier: link:../genie
    version: link:../genie

packages:

  /diffhtml@1.0.0-beta.20:
    resolution: {integrity: sha512-xSSwGb2dkQsTc7Bl910iySH65PkzsCtowfVGMfrmc2fEwvYrhJUpIEIx+3mpZ1wMWVt+t/0ltVwrjQkMJotxLg==}
    dev: false
